
Microsoft Visual Studio Solution File, Format Version 12.00
# Visual Studio 15
VisualStudioVersion = 15.0.27703.2042
MinimumVisualStudioVersion = 10.0.40219.1
Project("{FAE04EC0-301F-11D3-BF4B-00C04F79EFBC}") = "addressbook-web-tests", "addressbook-web-tests\addressbook-web-tests.csproj", "{3340F420-2C21-4312-8174-55BE0E00BDDF}"
EndProject
Global
	GlobalSection(SolutionConfigurationPlatforms) = preSolution
		Debug|Any CPU = Debug|Any CPU
		Release|Any CPU = Release|Any CPU
	EndGlobalSection
	GlobalSection(ProjectConfigurationPlatforms) = postSolution
		{3340F420-2C21-4312-8174-55BE0E00BDDF}.Debug|Any CPU.ActiveCfg = Debug|Any CPU
		{3340F420-2C21-4312-8174-55BE0E00BDDF}.Debug|Any CPU.Build.0 = Debug|Any CPU
		{3340F420-2C21-4312-8174-55BE0E00BDDF}.Release|Any CPU.ActiveCfg = Release|Any CPU
		{3340F420-2C21-4312-8174-55BE0E00BDDF}.Release|Any CPU.Build.0 = Release|Any CPU
	EndGlobalSection
	GlobalSection(SolutionProperties) = preSolution
		HideSolutionNode = FALSE
	EndGlobalSection
	GlobalSection(ExtensibilityGlobals) = postSolution
		SolutionGuid = {F359F3FC-66FD-4F2E-B250-6DECCFE5758E}
	EndGlobalSection
EndGlobal
